
Microsoft Visual Studio Solution File, Format Version 12.00
# Visual Studio Version 17
VisualStudioVersion = 17.13.35825.156
MinimumVisualStudioVersion = 10.0.40219.1
Project("{FAE04EC0-301F-11D3-BF4B-00C04F79EFBC}") = "Presentacion", "Presentacion\Presentacion.csproj", "{4FDA1CD1-143A-4B0C-8F5B-2FB90E2CE1D2}"
EndProject
Project("{FAE04EC0-301F-11D3-BF4B-00C04F79EFBC}") = "dominio", "dominio\dominio.csproj", "{0F15F83D-FC52-41A5-8EEB-5B94D394976A}"
EndProject
Project("{FAE04EC0-301F-11D3-BF4B-00C04F79EFBC}") = "negocio", "negocio\negocio.csproj", "{63814EAF-4206-4A2C-B7AD-11459C5301C9}"
EndProject
Global
	GlobalSection(SolutionConfigurationPlatforms) = preSolution
		Debug|Any CPU = Debug|Any CPU
		Release|Any CPU = Release|Any CPU
	EndGlobalSection
	GlobalSection(ProjectConfigurationPlatforms) = postSolution
		{4FDA1CD1-143A-4B0C-8F5B-2FB90E2CE1D2}.Debug|Any CPU.ActiveCfg = Debug|Any CPU
		{4FDA1CD1-143A-4B0C-8F5B-2FB90E2CE1D2}.Debug|Any CPU.Build.0 = Debug|Any CPU
		{4FDA1CD1-143A-4B0C-8F5B-2FB90E2CE1D2}.Release|Any CPU.ActiveCfg = Release|Any CPU
		{4FDA1CD1-143A-4B0C-8F5B-2FB90E2CE1D2}.Release|Any CPU.Build.0 = Release|Any CPU
		{0F15F83D-FC52-41A5-8EEB-5B94D394976A}.Debug|Any CPU.ActiveCfg = Debug|Any CPU
		{0F15F83D-FC52-41A5-8EEB-5B94D394976A}.Debug|Any CPU.Build.0 = Debug|Any CPU
		{0F15F83D-FC52-41A5-8EEB-5B94D394976A}.Release|Any CPU.ActiveCfg = Release|Any CPU
		{0F15F83D-FC52-41A5-8EEB-5B94D394976A}.Release|Any CPU.Build.0 = Release|Any CPU
		{63814EAF-4206-4A2C-B7AD-11459C5301C9}.Debug|Any CPU.ActiveCfg = Debug|Any CPU
		{63814EAF-4206-4A2C-B7AD-11459C5301C9}.Debug|Any CPU.Build.0 = Debug|Any CPU
		{63814EAF-4206-4A2C-B7AD-11459C5301C9}.Release|Any CPU.ActiveCfg = Release|Any CPU
		{63814EAF-4206-4A2C-B7AD-11459C5301C9}.Release|Any CPU.Build.0 = Release|Any CPU
	EndGlobalSection
	GlobalSection(SolutionProperties) = preSolution
		HideSolutionNode = FALSE
	EndGlobalSection
	GlobalSection(ExtensibilityGlobals) = postSolution
		SolutionGuid = {FBBFDD7D-0E6F-4639-A9E6-9F39365E2C57}
	EndGlobalSection
EndGlobal
